
Microsoft Visual Studio Solution File, Format Version 12.00
# Visual Studio Version 17
VisualStudioVersion = 17.4.33403.182
MinimumVisualStudioVersion = 10.0.40219.1
Project("{FAE04EC0-301F-11D3-BF4B-00C04F79EFBC}") = "CodeWars.Business", "CodeWars.Business\CodeWars.Business.csproj", "{EE8EF602-62EE-433D-A758-6FD7813F4CB1}"
EndProject
Project("{FAE04EC0-301F-11D3-BF4B-00C04F79EFBC}") = "CodeWars.Tests", "CodeWars.Tests\CodeWars.Tests.csproj", "{09ED969E-94E9-4B2D-9D45-F24F6B988311}"
EndProject
Global
	GlobalSection(SolutionConfigurationPlatforms) = preSolution
		Debug|Any CPU = Debug|Any CPU
		Release|Any CPU = Release|Any CPU
	EndGlobalSection
	GlobalSection(ProjectConfigurationPlatforms) = postSolution
		{EE8EF602-62EE-433D-A758-6FD7813F4CB1}.Debug|Any CPU.ActiveCfg = Debug|Any CPU
		{EE8EF602-62EE-433D-A758-6FD7813F4CB1}.Debug|Any CPU.Build.0 = Debug|Any CPU
		{EE8EF602-62EE-433D-A758-6FD7813F4CB1}.Release|Any CPU.ActiveCfg = Release|Any CPU
		{EE8EF602-62EE-433D-A758-6FD7813F4CB1}.Release|Any CPU.Build.0 = Release|Any CPU
		{09ED969E-94E9-4B2D-9D45-F24F6B988311}.Debug|Any CPU.ActiveCfg = Debug|Any CPU
		{09ED969E-94E9-4B2D-9D45-F24F6B988311}.Debug|Any CPU.Build.0 = Debug|Any CPU
		{09ED969E-94E9-4B2D-9D45-F24F6B988311}.Release|Any CPU.ActiveCfg = Release|Any CPU
		{09ED969E-94E9-4B2D-9D45-F24F6B988311}.Release|Any CPU.Build.0 = Release|Any CPU
	EndGlobalSection
	GlobalSection(SolutionProperties) = preSolution
		HideSolutionNode = FALSE
	EndGlobalSection
	GlobalSection(ExtensibilityGlobals) = postSolution
		SolutionGuid = {4A23E901-376A-4401-A99D-4F7A3D8F9EA3}
	EndGlobalSection
EndGlobal
